{
  "lockfile_version": "1",
  "packages": {
    "delve@latest": {
      "last_modified": "2025-03-11T17:52:14Z",
      "resolved": "github:NixOS/nixpkgs/0d534853a55b5d02a4ababa1d71921ce8f0aee4c#delve",
      "source": "devbox-search",
      "version": "1.24.0",
      "systems": {
        "aarch64-darwin": {
          "outputs": [
            {
              "name": "out",
              "path": "/nix/store/8y48zhf6h9l28wamwg0z7g89kg32phxq-delve-1.24.0",
              "default": true
            }
          ],
          "store_path": "/nix/store/8y48zhf6h9l28wamwg0z7g89kg32phxq-delve-1.24.0"
        },
        "aarch64-linux": {
          "outputs": [
            {
              "name": "out",
              "path": "/nix/store/6z1ivl6hz5wshxl20mys415lsj90ah6h-delve-1.24.0",
              "default": true
            }
          ],
          "store_path": "/nix/store/6z1ivl6hz5wshxl20mys415lsj90ah6h-delve-1.24.0"
        },
        "x86_64-darwin": {
          "outputs": [
            {
              "name": "out",
              "path": "/nix/store/yl06bw9cmsli018m9429qsnnabcc3rx7-delve-1.24.0",
              "default": true
            }
          ],
          "store_path": "/nix/store/yl06bw9cmsli018m9429qsnnabcc3rx7-delve-1.24.0"
        },
        "x86_64-linux": {
          "outputs": [
            {
              "name": "out",
              "path": "/nix/store/dxbpsisf2qqzixqq22c038kdpqmr04y0-delve-1.24.0",
              "default": true
            }
          ],
          "store_path": "/nix/store/dxbpsisf2qqzixqq22c038kdpqmr04y0-delve-1.24.0"
        }
      }
    },
    "ffmpeg_6-headless@latest": {
      "last_modified": "2025-03-11T17:52:14Z",
      "resolved": "github:NixOS/nixpkgs/0d534853a55b5d02a4ababa1d71921ce8f0aee4c#ffmpeg_6-headless",
      "source": "devbox-search",
      "version": "6.1.2",
      "systems": {
        "aarch64-darwin": {
          "outputs": [
            {
              "name": "bin",
              "path": "/nix/store/l454v4024h16x0ldh50fclm1m4zyr4kh-ffmpeg-headless-6.1.2-bin",
              "default": true
            },
            {
              "name": "man",
              "path": "/nix/store/vjllckwsjafhvf8fhn90jmn44m2nm0vh-ffmpeg-headless-6.1.2-man",
              "default": true
            },
            {
              "name": "data",
              "path": "/nix/store/yy9jvgjqvydskgcqvk0avdial76rk8jd-ffmpeg-headless-6.1.2-data"
            },
            {
              "name": "dev",
              "path": "/nix/store/12hs668s2l72zpr27xjhd4g7f3y79q2h-ffmpeg-headless-6.1.2-dev"
            },
            {
              "name": "doc",
              "path": "/nix/store/l03ak2ahaw41a775vl3n7ljifvn7qs3x-ffmpeg-headless-6.1.2-doc"
            },
            {
              "name": "lib",
              "path": "/nix/store/jdr233majakf03s8azffsk3g7a1z2yrc-ffmpeg-headless-6.1.2-lib"
            },
            {
              "name": "out",
              "path": "/nix/store/c0g4b1cw3di05cdkxfgpmaqx9knh5iir-ffmpeg-headless-6.1.2"
            }
          ],
          "store_path": "/nix/store/l454v4024h16x0ldh50fclm1m4zyr4kh-ffmpeg-headless-6.1.2-bin"
        },
        "aarch64-linux": {
          "outputs": [
            {
              "name": "bin",
              "path": "/nix/store/5mfzq6sc74rzrpg8xhx35gbxk6gpy13k-ffmpeg-headless-6.1.2-bin",
              "default": true
            },
            {
              "name": "man",
              "path": "/nix/store/w73z7sa902mw9w167f5fg9fmi302dk5w-ffmpeg-headless-6.1.2-man",
              "default": true
            },
            {
              "name": "dev",
              "path": "/nix/store/0sirsx5qm87nx8x4ki32fv4ipj90cw4n-ffmpeg-headless-6.1.2-dev"
            },
            {
              "name": "doc",
              "path": "/nix/store/3v1zvxj94m1pyaliaiwmq21s32xcfa27-ffmpeg-headless-6.1.2-doc"
            },
            {
              "name": "lib",
              "path": "/nix/store/73dmr2nbdlpbi7jmdx2iik6y4a33dqim-ffmpeg-headless-6.1.2-lib"
            },
            {
              "name": "out",
              "path": "/nix/store/ac2aypgvrfvvr2zms21qqpjbrslmlz7k-ffmpeg-headless-6.1.2"
            },
            {
              "name": "data",
              "path": "/nix/store/r6sdj0yfcql0g56xpbfbfg35h6xgv29k-ffmpeg-headless-6.1.2-data"
            }
          ],
          "store_path": "/nix/store/5mfzq6sc74rzrpg8xhx35gbxk6gpy13k-ffmpeg-headless-6.1.2-bin"
        },
        "x86_64-darwin": {
          "outputs": [
            {
              "name": "bin",
              "path": "/nix/store/wkhj6qa5v1mqgbpiny6pp5m3k9snsybl-ffmpeg-headless-6.1.2-bin",
              "default": true
            },
            {
              "name": "man",
              "path": "/nix/store/61fr1pm5s8qmfv64wi93wlprm8nw28f9-ffmpeg-headless-6.1.2-man",
              "default": true
            },
            {
              "name": "data",
              "path": "/nix/store/lckglpk434picxjrb24zkacnsp5nvi8m-ffmpeg-headless-6.1.2-data"
            },
            {
              "name": "dev",
              "path": "/nix/store/gwcqwmvk9q0wxrd0xp2zc5dbxzhdfnix-ffmpeg-headless-6.1.2-dev"
            },
            {
              "name": "doc",
              "path": "/nix/store/xhzvypyyrh8kx2zw8x06m5nlhxzf9dca-ffmpeg-headless-6.1.2-doc"
            },
            {
              "name": "lib",
              "path": "/nix/store/nrc53py3wypqh0vz3fs180bfgyhqbw3h-ffmpeg-headless-6.1.2-lib"
            },
            {
              "name": "out",
              "path": "/nix/store/xs7h9kz9x6dir1pv9497bqg05xi0xk1h-ffmpeg-headless-6.1.2"
            }
          ],
          "store_path": "/nix/store/wkhj6qa5v1mqgbpiny6pp5m3k9snsybl-ffmpeg-headless-6.1.2-bin"
        },
        "x86_64-linux": {
          "outputs": [
            {
              "name": "bin",
              "path": "/nix/store/rw2axchg5gdg0kmh3qdpm5mla8cpkd6v-ffmpeg-headless-6.1.2-bin",
              "default": true
            },
            {
              "name": "man",
              "path": "/nix/store/5vb82j9445cqzbjzal544sc6vj80xqjd-ffmpeg-headless-6.1.2-man",
              "default": true
            },
            {
              "name": "data",
              "path": "/nix/store/dhqwhx8j630v2r5ycmwwm4gag007jgk5-ffmpeg-headless-6.1.2-data"
            },
            {
              "name": "dev",
              "path": "/nix/store/6wqsqflv94y7l1gycnigd5iy02y7yxlf-ffmpeg-headless-6.1.2-dev"
            },
            {
              "name": "doc",
              "path": "/nix/store/zccks18w263nwpilhcimc5lrlgzgr0rm-ffmpeg-headless-6.1.2-doc"
            },
            {
              "name": "lib",
              "path": "/nix/store/m6i3m5cvagzhjn3ygfffdjgh41dw4r53-ffmpeg-headless-6.1.2-lib"
            },
            {
              "name": "out",
              "path": "/nix/store/3hiki8rcrfz7s86djsy5b2kh4px95irf-ffmpeg-headless-6.1.2"
            }
          ],
          "store_path": "/nix/store/rw2axchg5gdg0kmh3qdpm5mla8cpkd6v-ffmpeg-headless-6.1.2-bin"
        }
      }
    },
    "git@latest": {
      "last_modified": "2025-03-11T17:52:14Z",
      "resolved": "github:NixOS/nixpkgs/0d534853a55b5d02a4ababa1d71921ce8f0aee4c#git",
      "source": "devbox-search",
      "version": "2.48.1",
      "systems": {
        "aarch64-darwin": {
          "outputs": [
            {
              "name": "out",
              "path": "/nix/store/b3sci30zzzlj3rzj1y89cijnd6zcwapk-git-2.48.1",
              "default": true
            },
            {
              "name": "doc",
              "path": "/nix/store/086knqdw7fjgzczp0i6nad95s2v6jbya-git-2.48.1-doc"
            }
          ],
          "store_path": "/nix/store/b3sci30zzzlj3rzj1y89cijnd6zcwapk-git-2.48.1"
        },
        "aarch64-linux": {
          "outputs": [
            {
              "name": "out",
              "path": "/nix/store/4rfdh67qx08marb8kwl8pk98pkwl8kiv-git-2.48.1",
              "default": true
            },
            {
              "name": "debug",
              "path": "/nix/store/yf283fv2zlaaaszdcfazbz1rg6d6f18q-git-2.48.1-debug"
            },
            {
              "name": "doc",
              "path": "/nix/store/c9hzqmbywb0basggdaylpc0j3r8j0dxs-git-2.48.1-doc"
            }
          ],
          "store_path": "/nix/store/4rfdh67qx08marb8kwl8pk98pkwl8kiv-git-2.48.1"
        },
        "x86_64-darwin": {
          "outputs": [
            {
              "name": "out",
              "path": "/nix/store/5qmpmgx1fb1qxnq3gb1hvvha5wi24n7v-git-2.48.1",
              "default": true
            },
            {
              "name": "doc",
              "path": "/nix/store/x5x4qz04v9zfz9dzh8l723nbwma8dnmk-git-2.48.1-doc"
            }
          ],
          "store_path": "/nix/store/5qmpmgx1fb1qxnq3gb1hvvha5wi24n7v-git-2.48.1"
        },
        "x86_64-linux": {
          "outputs": [
            {
              "name": "out",
              "path": "/nix/store/pl9krbxnhawd4n5kxsm6m5i5mjhbw48q-git-2.48.1",
              "default": true
            },
            {
              "name": "debug",
              "path": "/nix/store/s0a07h6m6lpcv67954y3vag35np716sf-git-2.48.1-debug"
            },
            {
              "name": "doc",
              "path": "/nix/store/fkrfnnwc7a7rq86rrnb9j2474wy8qkbm-git-2.48.1-doc"
            }
          ],
          "store_path": "/nix/store/pl9krbxnhawd4n5kxsm6m5i5mjhbw48q-git-2.48.1"
        }
      }
    },
    "github:NixOS/nixpkgs/nixpkgs-unstable": {
      "resolved": "github:NixOS/nixpkgs/096478927c360bc18ea80c8274f013709cf7bdcd?lastModified=1742206328&narHash=sha256-q%2BAQ%2F%2F%2FoMnyyFzzF4H9ShSRENt3Zsx37jTiRkLkXXE0%3D"
    },
    "go@latest": {
      "last_modified": "2025-03-11T17:52:14Z",
      "resolved": "github:NixOS/nixpkgs/0d534853a55b5d02a4ababa1d71921ce8f0aee4c#go",
      "source": "devbox-search",
      "version": "1.24.1",
      "systems": {
        "aarch64-darwin": {
          "outputs": [
            {
              "name": "out",
              "path": "/nix/store/ja4jxx60lh1qfqfl4z4p2rff56ia1c3c-go-1.24.1",
              "default": true
            }
          ],
          "store_path": "/nix/store/ja4jxx60lh1qfqfl4z4p2rff56ia1c3c-go-1.24.1"
        },
        "aarch64-linux": {
          "outputs": [
            {
              "name": "out",
              "path": "/nix/store/8ply43gnxk1xwichr81mpgbjcd9a1y5w-go-1.24.1",
              "default": true
            }
          ],
          "store_path": "/nix/store/8ply43gnxk1xwichr81mpgbjcd9a1y5w-go-1.24.1"
        },
        "x86_64-darwin": {
          "outputs": [
            {
              "name": "out",
              "path": "/nix/store/87yxrfx5lh78bdz393i33cr5z23x06q4-go-1.24.1",
              "default": true
            }
          ],
          "store_path": "/nix/store/87yxrfx5lh78bdz393i33cr5z23x06q4-go-1.24.1"
        },
        "x86_64-linux": {
          "outputs": [
            {
              "name": "out",
              "path": "/nix/store/cfjhl0kn7xc65466pha9fkrvigw3g72n-go-1.24.1",
              "default": true
            }
          ],
          "store_path": "/nix/store/cfjhl0kn7xc65466pha9fkrvigw3g72n-go-1.24.1"
        }
      }
    },
    "libopus@latest": {
      "last_modified": "2025-02-23T09:42:26Z",
      "resolved": "github:NixOS/nixpkgs/2d068ae5c6516b2d04562de50a58c682540de9bf#libopus",
      "source": "devbox-search",
      "version": "1.5.2",
      "systems": {
        "aarch64-darwin": {
          "outputs": [
            {
              "name": "out",
              "path": "/nix/store/cfyqcpzrnqhw1df9fbvc1d03knryapjm-libopus-1.5.2",
              "default": true
            },
            {
              "name": "dev",
              "path": "/nix/store/y7mx9dkv2km6i6z09r2qh2ca24jmfbrj-libopus-1.5.2-dev"
            }
          ],
          "store_path": "/nix/store/cfyqcpzrnqhw1df9fbvc1d03knryapjm-libopus-1.5.2"
        },
        "aarch64-linux": {
          "outputs": [
            {
              "name": "out",
              "path": "/nix/store/hg1h2czhkb0l9xc78rasvdcqji8ry2i8-libopus-1.5.2",
              "default": true
            },
            {
              "name": "dev",
              "path": "/nix/store/26qx6li6dhyxlv68g9ha9514d2jy3zm2-libopus-1.5.2-dev"
            }
          ],
          "store_path": "/nix/store/hg1h2czhkb0l9xc78rasvdcqji8ry2i8-libopus-1.5.2"
        },
        "x86_64-darwin": {
          "outputs": [
            {
              "name": "out",
              "path": "/nix/store/zpb9z3bkqzfqa7lmrgql8ljn8gv31z13-libopus-1.5.2",
              "default": true
            },
            {
              "name": "dev",
              "path": "/nix/store/j24wpqd1bqdm3bxnl48w68bl9sraiqal-libopus-1.5.2-dev"
            }
          ],
          "store_path": "/nix/store/zpb9z3bkqzfqa7lmrgql8ljn8gv31z13-libopus-1.5.2"
        },
        "x86_64-linux": {
          "outputs": [
            {
              "name": "out",
              "path": "/nix/store/sj3i4yfvr9nirw5mcv4dam1w0j6is85k-libopus-1.5.2",
              "default": true
            },
            {
              "name": "dev",
              "path": "/nix/store/yzjkc2mkjrar05vrxkvc85rz1x4m94lf-libopus-1.5.2-dev"
            }
          ],
          "store_path": "/nix/store/sj3i4yfvr9nirw5mcv4dam1w0j6is85k-libopus-1.5.2"
        }
      }
    }
  }
}
