github.com/dchote/go-openal v0.0.0-20171116030048-f4a9a141d372/go.mod h1:74z+CYu2/mx4N+mcIS/rsvfAxBPBV9uv8zRAnwyFkdI=
github.com/golang/protobuf v1.3.1 h1:YF8+flBXS5eO826T4nzqPrxfhQThhXl0YzfuUPu4SBg=
github.com/golang/protobuf v1.3.1/go.mod h1:6lQm79b+lXiMfvg/cZm0SGofjICqVBUtrP5yJMmIC1U=
github.com/yeyus/gumble v0.0.0-20250318020455-e9fee879fa0f h1:oHw+k6atRpBatH7T6DVckqD3SQ/sBnLtQWk08xcXbfY=
github.com/yeyus/gumble v0.0.0-20250318020455-e9fee879fa0f/go.mod h1:3wUC5CWsk9IRM7ka8g7UWRwh2W2rS+xRQ4JQlTxu0HY=
layeh.com/gopus v0.0.0-20161224163843-0ebf989153aa h1:WNU4LYsgD2UHxgKgB36mL6iMAMOvr127alafSlgBbiA=
layeh.com/gopus v0.0.0-20161224163843-0ebf989153aa/go.mod h1:AOef7vHz0+v4sWwJnr0jSyHiX/1NgsMoaxl+rEPz/I0=
